
Microsoft Visual Studio Solution File, Format Version 12.00
# Visual Studio 15
VisualStudioVersion = 15.0.27428.2011
MinimumVisualStudioVersion = 10.0.40219.1
Project("{FAE04EC0-301F-11D3-BF4B-00C04F79EFBC}") = "HelloWorld", "HelloWorld\HelloWorld.csproj", "{FDA5A6B1-2145-4B55-9DF4-62B98BDC8C8A}"
EndProject
Global
	GlobalSection(SolutionConfigurationPlatforms) = preSolution
		Debug|Any CPU = Debug|Any CPU
		Release|Any CPU = Release|Any CPU
	EndGlobalSection
	GlobalSection(ProjectConfigurationPlatforms) = postSolution
		{FDA5A6B1-2145-4B55-9DF4-62B98BDC8C8A}.Debug|Any CPU.ActiveCfg = Debug|Any CPU
		{FDA5A6B1-2145-4B55-9DF4-62B98BDC8C8A}.Debug|Any CPU.Build.0 = Debug|Any CPU
		{FDA5A6B1-2145-4B55-9DF4-62B98BDC8C8A}.Release|Any CPU.ActiveCfg = Release|Any CPU
		{FDA5A6B1-2145-4B55-9DF4-62B98BDC8C8A}.Release|Any CPU.Build.0 = Release|Any CPU
	EndGlobalSection
	GlobalSection(SolutionProperties) = preSolution
		HideSolutionNode = FALSE
	EndGlobalSection
	GlobalSection(ExtensibilityGlobals) = postSolution
		SolutionGuid = {EDB0F251-35E4-4A32-8A05-4BCA8B814C4E}
	EndGlobalSection
EndGlobal
