
Microsoft Visual Studio Solution File, Format Version 12.00
# Visual Studio Version 16
VisualStudioVersion = 16.0.31313.79
MinimumVisualStudioVersion = 10.0.40219.1
Project("{FAE04EC0-301F-11D3-BF4B-00C04F79EFBC}") = "EmbeddedView", "EmbeddedView.csproj", "{81CAE89E-EB62-4006-AEA3-47F101DAD176}"
EndProject
Global
	GlobalSection(SolutionConfigurationPlatforms) = preSolution
		Debug|Any CPU = Debug|Any CPU
		Release|Any CPU = Release|Any CPU
	EndGlobalSection
	GlobalSection(ProjectConfigurationPlatforms) = postSolution
		{81CAE89E-EB62-4006-AEA3-47F101DAD176}.Debug|Any CPU.ActiveCfg = Debug|Any CPU
		{81CAE89E-EB62-4006-AEA3-47F101DAD176}.Debug|Any CPU.Build.0 = Debug|Any CPU
		{81CAE89E-EB62-4006-AEA3-47F101DAD176}.Release|Any CPU.ActiveCfg = Release|Any CPU
		{81CAE89E-EB62-4006-AEA3-47F101DAD176}.Release|Any CPU.Build.0 = Release|Any CPU
	EndGlobalSection
	GlobalSection(SolutionProperties) = preSolution
		HideSolutionNode = FALSE
	EndGlobalSection
	GlobalSection(ExtensibilityGlobals) = postSolution
		SolutionGuid = {58976F7B-5528-4754-BCDF-1659678443FE}
	EndGlobalSection
EndGlobal
